// !$*UTF8*$!
{
	archiveVersion = 1;
	classes = {
	};
	objectVersion = 46;
	objects = {

/* Begin PBXBuildFile section */
		8BA82CA31B0DDB57007FB66B /* main.m in Sources */ = {isa = PBXBuildFile; fileRef = 8BA82CA21B0DDB57007FB66B /* main.m */; };
		8BA82CA61B0DDB57007FB66B /* AppDelegate.m in Sources */ = {isa = PBXBuildFile; fileRef = 8BA82CA51B0DDB57007FB66B /* AppDelegate.m */; };
		8BA82CA91B0DDB57007FB66B /* ViewController.m in Sources */ = {isa = PBXBuildFile; fileRef = 8BA82CA81B0DDB57007FB66B /* ViewController.m */; };
		8BA82CAC1B0DDB57007FB66B /* Main.storyboard in Resources */ = {isa = PBXBuildFile; fileRef = 8BA82CAA1B0DDB57007FB66B /* Main.storyboard */; };
		8BA82CAE1B0DDB57007FB66B /* Images.xcassets in Resources */ = {isa = PBXBuildFile; fileRef = 8BA82CAD1B0DDB57007FB66B /* Images.xcassets */; };
		8BA82CB11B0DDB57007FB66B /* LaunchScreen.xib in Resources */ = {isa = PBXBuildFile; fileRef = 8BA82CAF1B0DDB57007FB66B /* LaunchScreen.xib */; };
		8BA82CBD1B0DDB57007FB66B /* TestTests.m in Sources */ = {isa = PBXBuildFile; fileRef = 8BA82CBC1B0DDB57007FB66B /* TestTests.m */; };
/* End PBXBuildFile section */

/* Begin PBXContainerItemProxy section */
		8BA82CB71B0DDB57007FB66B /* PBXContainerItemProxy */ = {
			isa = PBXContainerItemProxy;
			containerPortal = 8BA82C951B0DDB57007FB66B /* Project object */;
			proxyType = 1;
			remoteGlobalIDString = 8BA82C9C1B0DDB57007FB66B;
			remoteInfo = Test;
		};
/* End PBXContainerItemProxy section */

/* Begin PBXFileReference section */
		8BA82C9D1B0DDB57007FB66B /* Test.app */ = {isa = PBXFileReference; explicitFileType = wrapper.application; includeInIndex = 0; path = Test.app; sourceTree = BUILT_PRODUCTS_DIR; };
		8BA82CA11B0DDB57007FB66B /* Info.plist */ = {isa = PBXFileReference; lastKnownFileType = text.plist.xml; path = Info.plist; sourceTree = "<group>"; };
		8BA82CA21B0DDB57007FB66B /* main.m */ = {isa = PBXFileReference; lastKnownFileType = sourcecode.c.objc; path = main.m; sourceTree = "<group>"; };
		8BA82CA41B0DDB57007FB66B /* AppDelegate.h */ = {isa = PBXFileReference; lastKnownFileType = sourcecode.c.h; path = AppDelegate.h; sourceTree = "<group>"; };
		8BA82CA51B0DDB57007FB66B /* AppDelegate.m */ = {isa = PBXFileReference; lastKnownFileType = sourcecode.c.objc; path = AppDelegate.m; sourceTree = "<group>"; };
		8BA82CA71B0DDB57007FB66B /* ViewController.h */ = {isa = PBXFileReference; lastKnownFileType = sourcecode.c.h; path = ViewController.h; sourceTree = "<group>"; };
		8BA82CA81B0DDB57007FB66B /* ViewController.m */ = {isa = PBXFileReference; lastKnownFileType = sourcecode.c.objc; path = ViewController.m; sourceTree = "<group>"; };
		8BA82CAB1B0DDB57007FB66B /* Base */ = {isa = PBXFileReference; lastKnownFileType = file.storyboard; name = Base; path = Base.lproj/Main.storyboard; sourceTree = "<group>"; };
		8BA82CAD1B0DDB57007FB66B /* Images.xcassets */ = {isa = PBXFileReference; lastKnownFileType = folder.assetcatalog; path = Images.xcassets; sourceTree = "<group>"; };
		8BA82CB01B0DDB57007FB66B /* Base */ = {isa = PBXFileReference; lastKnownFileType = file.xib; name = Base; path = Base.lproj/LaunchScreen.xib; sourceTree = "<group>"; };
		8BA82CB61B0DDB57007FB66B /* TestTests.xctest */ = {isa = PBXFileReference; explicitFileType = wrapper.cfbundle; includeInIndex = 0; path = TestTests.xctest; sourceTree = BUILT_PRODUCTS_DIR; };
		8BA82CBB1B0DDB57007FB66B /* Info.plist */ = {isa = PBXFileReference; lastKnownFileType = text.plist.xml; path = Info.plist; sourceTree = "<group>"; };
		8BA82CBC1B0DDB57007FB66B /* TestTests.m */ = {isa = PBXFileReference; lastKnownFileType = sourcecode.c.objc; path = TestTests.m; sourceTree = "<group>"; };
/* End PBXFileReference section */

/* Begin PBXFrameworksBuildPhase section */
		8BA82C9A1B0DDB57007FB66B /* Frameworks */ = {
			isa = PBXFrameworksBuildPhase;
			buildActionMask = 2147483647;
			files = (
			);
			runOnlyForDeploymentPostprocessing = 0;
		};
		8BA82CB31B0DDB57007FB66B /* Frameworks */ = {
			isa = PBXFrameworksBuildPhase;
			buildActionMask = 2147483647;
			files = (
			);
			runOnlyForDeploymentPostprocessing = 0;
		};
/* End PBXFrameworksBuildPhase section */

/* Begin PBXGroup section */
		8BA82C941B0DDB57007FB66B = {
			isa = PBXGroup;
			children = (
				8BA82C9F1B0DDB57007FB66B /* Test */,
				8BA82CB91B0DDB57007FB66B /* TestTests */,
				8BA82C9E1B0DDB57007FB66B /* Products */,
			);
			sourceTree = "<group>";
		};
		8BA82C9E1B0DDB57007FB66B /* Products */ = {
			isa = PBXGroup;
			children = (
				8BA82C9D1B0DDB57007FB66B /* Test.app */,
				8BA82CB61B0DDB57007FB66B /* TestTests.xctest */,
			);
			name = Products;
			sourceTree = "<group>";
		};
		8BA82C9F1B0DDB57007FB66B /* Test */ = {
			isa = PBXGroup;
			children = (
				8BA82CA41B0DDB57007FB66B /* AppDelegate.h */,
				8BA82CA51B0DDB57007FB66B /* AppDelegate.m */,
				8BA82CA71B0DDB57007FB66B /* ViewController.h */,
				8BA82CA81B0DDB57007FB66B /* ViewController.m */,
				8BA82CAA1B0DDB57007FB66B /* Main.storyboard */,
				8BA82CAD1B0DDB57007FB66B /* Images.xcassets */,
				8BA82CAF1B0DDB57007FB66B /* LaunchScreen.xib */,
				8BA82CA01B0DDB57007FB66B /* Supporting Files */,
			);
			path = Test;
			sourceTree = "<group>";
		};
		8BA82CA01B0DDB57007FB66B /* Supporting Files */ = {
			isa = PBXGroup;
			children = (
				8BA82CA11B0DDB57007FB66B /* Info.plist */,
				8BA82CA21B0DDB57007FB66B /* main.m */,
			);
			name = "Supporting Files";
			sourceTree = "<group>";
		};
		8BA82CB91B0DDB57007FB66B /* TestTests */ = {
			isa = PBXGroup;
			children = (
				8BA82CBC1B0DDB57007FB66B /* TestTests.m */,
				8BA82CBA1B0DDB57007FB66B /* Supporting Files */,
			);
			path = TestTests;
			sourceTree = "<group>";
		};
		8BA82CBA1B0DDB57007FB66B /* Supporting Files */ = {
			isa = PBXGroup;
			children = (
				8BA82CBB1B0DDB57007FB66B /* Info.plist */,
			);
			name = "Supporting Files";
			sourceTree = "<group>";
		};
/* End PBXGroup section */

/* Begin PBXNativeTarget section */
		8BA82C9C1B0DDB57007FB66B /* Test */ = {
			isa = PBXNativeTarget;
			buildConfigurationList = 8BA82CC01B0DDB57007FB66B /* Build configuration list for PBXNativeTarget "Test" */;
			buildPhases = (
				8BA82C991B0DDB57007FB66B /* Sources */,
				8BA82C9A1B0DDB57007FB66B /* Frameworks */,
				8BA82C9B1B0DDB57007FB66B /* Resources */,
			);
			buildRules = (
			);
			dependencies = (
			);
			name = Test;
			productName = Test;
			productReference = 8BA82C9D1B0DDB57007FB66B /* Test.app */;
			productType = "com.apple.product-type.application";
		};
		8BA82CB51B0DDB57007FB66B /* TestTests */ = {
			isa = PBXNativeTarget;
			buildConfigurationList = 8BA82CC31B0DDB57007FB66B /* Build configuration list for PBXNativeTarget "TestTests" */;
			buildPhases = (
				8BA82CB21B0DDB57007FB66B /* Sources */,
				8BA82CB31B0DDB57007FB66B /* Frameworks */,
				8BA82CB41B0DDB57007FB66B /* Resources */,
			);
			buildRules = (
			);
			dependencies = (
				8BA82CB81B0DDB57007FB66B /* PBXTargetDependency */,
			);
			name = TestTests;
			productName = TestTests;
			productReference = 8BA82CB61B0DDB57007FB66B /* TestTests.xctest */;
			productType = "com.apple.product-type.bundle.unit-test";
		};
/* End PBXNativeTarget section */

/* Begin PBXProject section */
		8BA82C951B0DDB57007FB66B /* Project object */ = {
			isa = PBXProject;
			attributes = {
				LastUpgradeCheck = 0630;
				ORGANIZATIONNAME = Lionneer;
				TargetAttributes = {
					8BA82C9C1B0DDB57007FB66B = {
						CreatedOnToolsVersion = 6.3;
					};
					8BA82CB51B0DDB57007FB66B = {
						CreatedOnToolsVersion = 6.3;
						TestTargetID = 8BA82C9C1B0DDB57007FB66B;
					};
				};
			};
			buildConfigurationList = 8BA82C981B0DDB57007FB66B /* Build configuration list for PBXProject "Test" */;
			compatibilityVersion = "Xcode 3.2";
			developmentRegion = English;
			hasScannedForEncodings = 0;
			knownRegions = (
				en,
				Base,
			);
			mainGroup = 8BA82C941B0DDB57007FB66B;
			productRefGroup = 8BA82C9E1B0DDB57007FB66B /* Products */;
			projectDirPath = "";
			projectRoot = "";
			targets = (
				8BA82C9C1B0DDB57007FB66B /* Test */,
				8BA82CB51B0DDB57007FB66B /* TestTests */,
			);
		};
/* End PBXProject section */

/* Begin PBXResourcesBuildPhase section */
		8BA82C9B1B0DDB57007FB66B /* Resources */ = {
			isa = PBXResourcesBuildPhase;
			buildActionMask = 2147483647;
			files = (
				8BA82CAC1B0DDB57007FB66B /* Main.storyboard in Resources */,
				8BA82CB11B0DDB57007FB66B /* LaunchScreen.xib in Resources */,
				8BA82CAE1B0DDB57007FB66B /* Images.xcassets in Resources */,
			);
			runOnlyForDeploymentPostprocessing = 0;
		};
		8BA82CB41B0DDB57007FB66B /* Resources */ = {
			isa = PBXResourcesBuildPhase;
			buildActionMask = 2147483647;
			files = (
			);
			runOnlyForDeploymentPostprocessing = 0;
		};
/* End PBXResourcesBuildPhase section */

/* Begin PBXSourcesBuildPhase section */
		8BA82C991B0DDB57007FB66B /* Sources */ = {
			isa = PBXSourcesBuildPhase;
			buildActionMask = 2147483647;
			files = (
				8BA82CA91B0DDB57007FB66B /* ViewController.m in Sources */,
				8BA82CA61B0DDB57007FB66B /* AppDelegate.m in Sources */,
				8BA82CA31B0DDB57007FB66B /* main.m in Sources */,
			);
			runOnlyForDeploymentPostprocessing = 0;
		};
		8BA82CB21B0DDB57007FB66B /* Sources */ = {
			isa = PBXSourcesBuildPhase;
			buildActionMask = 2147483647;
			files = (
				8BA82CBD1B0DDB57007FB66B /* TestTests.m in Sources */,
			);
			runOnlyForDeploymentPostprocessing = 0;
		};
/* End PBXSourcesBuildPhase section */

/* Begin PBXTargetDependency section */
		8BA82CB81B0DDB57007FB66B /* PBXTargetDependency */ = {
			isa = PBXTargetDependency;
			target = 8BA82C9C1B0DDB57007FB66B /* Test */;
			targetProxy = 8BA82CB71B0DDB57007FB66B /* PBXContainerItemProxy */;
		};
/* End PBXTargetDependency section */

/* Begin PBXVariantGroup section */
		8BA82CAA1B0DDB57007FB66B /* Main.storyboard */ = {
			isa = PBXVariantGroup;
			children = (
				8BA82CAB1B0DDB57007FB66B /* Base */,
			);
			name = Main.storyboard;
			sourceTree = "<group>";
		};
		8BA82CAF1B0DDB57007FB66B /* LaunchScreen.xib */ = {
			isa = PBXVariantGroup;
			children = (
				8BA82CB01B0DDB57007FB66B /* Base */,
			);
			name = LaunchScreen.xib;
			sourceTree = "<group>";
		};
/* End PBXVariantGroup section */

/* Begin XCBuildConfiguration section */
		8BA82CBE1B0DDB57007FB66B /* Debug */ = {
			isa = XCBuildConfiguration;
			buildSettings = {
				ALWAYS_SEARCH_USER_PATHS = NO;
				CLANG_CXX_LANGUAGE_STANDARD = "gnu++0x";
				CLANG_CXX_LIBRARY = "libc++";
				CLANG_ENABLE_MODULES = YES;
				CLANG_ENABLE_OBJC_ARC = YES;
				CLANG_WARN_BOOL_CONVERSION = YES;
				CLANG_WARN_CONSTANT_CONVERSION = YES;
				CLANG_WARN_DIRECT_OBJC_ISA_USAGE = YES_ERROR;
				CLANG_WARN_EMPTY_BODY = YES;
				CLANG_WARN_ENUM_CONVERSION = YES;
				CLANG_WARN_INT_CONVERSION = YES;
				CLANG_WARN_OBJC_ROOT_CLASS = YES_ERROR;
				CLANG_WARN_UNREACHABLE_CODE = YES;
				CLANG_WARN__DUPLICATE_METHOD_MATCH = YES;
				"CODE_SIGN_IDENTITY[sdk=iphoneos*]" = "iPhone Developer";
				COPY_PHASE_STRIP = NO;
				DEBUG_INFORMATION_FORMAT = "dwarf-with-dsym";
				ENABLE_STRICT_OBJC_MSGSEND = YES;
				GCC_C_LANGUAGE_STANDARD = gnu99;
				GCC_DYNAMIC_NO_PIC = NO;
				GCC_NO_COMMON_BLOCKS = YES;
				GCC_OPTIMIZATION_LEVEL = 0;
				GCC_PREPROCESSOR_DEFINITIONS = (
					"DEBUG=1",
					"$(inherited)",
				);
				GCC_SYMBOLS_PRIVATE_EXTERN = NO;
				GCC_WARN_64_TO_32_BIT_CONVERSION = YES;
				GCC_WARN_ABOUT_RETURN_TYPE = YES_ERROR;
				GCC_WARN_UNDECLARED_SELECTOR = YES;
				GCC_WARN_UNINITIALIZED_AUTOS = YES_AGGRESSIVE;
				GCC_WARN_UNUSED_FUNCTION = YES;
				GCC_WARN_UNUSED_VARIABLE = YES;
				IPHONEOS_DEPLOYMENT_TARGET = 8.3;
				MTL_ENABLE_DEBUG_INFO = YES;
				ONLY_ACTIVE_ARCH = YES;
				SDKROOT = iphoneos;
			};
			name = Debug;
		};
		8BA82CBF1B0DDB57007FB66B /* Release */ = {
			isa = XCBuildConfiguration;
			buildSettings = {
				ALWAYS_SEARCH_USER_PATHS = NO;
				CLANG_CXX_LANGUAGE_STANDARD = "gnu++0x";
				CLANG_CXX_LIBRARY = "libc++";
				CLANG_ENABLE_MODULES = YES;
				CLANG_ENABLE_OBJC_ARC = YES;
				CLANG_WARN_BOOL_CONVERSION = YES;
				CLANG_WARN_CONSTANT_CONVERSION = YES;
				CLANG_WARN_DIRECT_OBJC_ISA_USAGE = YES_ERROR;
				CLANG_WARN_EMPTY_BODY = YES;
				CLANG_WARN_ENUM_CONVERSION = YES;
				CLANG_WARN_INT_CONVERSION = YES;
				CLANG_WARN_OBJC_ROOT_CLASS = YES_ERROR;
				CLANG_WARN_UNREACHABLE_CODE = YES;
				CLANG_WARN__DUPLICATE_METHOD_MATCH = YES;
				"CODE_SIGN_IDENTITY[sdk=iphoneos*]" = "iPhone Developer";
				COPY_PHASE_STRIP = NO;
				DEBUG_INFORMATION_FORMAT = "dwarf-with-dsym";
				ENABLE_NS_ASSERTIONS = NO;
				ENABLE_STRICT_OBJC_MSGSEND = YES;
				GCC_C_LANGUAGE_STANDARD = gnu99;
				GCC_NO_COMMON_BLOCKS = YES;
				GCC_WARN_64_TO_32_BIT_CONVERSION = YES;
				GCC_WARN_ABOUT_RETURN_TYPE = YES_ERROR;
				GCC_WARN_UNDECLARED_SELECTOR = YES;
				GCC_WARN_UNINITIALIZED_AUTOS = YES_AGGRESSIVE;
				GCC_WARN_UNUSED_FUNCTION = YES;
				GCC_WARN_UNUSED_VARIABLE = YES;
				IPHONEOS_DEPLOYMENT_TARGET = 8.3;
				MTL_ENABLE_DEBUG_INFO = NO;
				SDKROOT = iphoneos;
				VALIDATE_PRODUCT = YES;
			};
			name = Release;
		};
		8BA82CC11B0DDB57007FB66B /* Debug */ = {
			isa = XCBuildConfiguration;
			buildSettings = {
				ASSETCATALOG_COMPILER_APPICON_NAME = AppIcon;
				INFOPLIST_FILE = Test/Info.plist;
				LD_RUNPATH_SEARCH_PATHS = "$(inherited) @executable_path/Frameworks";
				PRODUCT_NAME = "$(TARGET_NAME)";
			};
			name = Debug;
		};
		8BA82CC21B0DDB57007FB66B /* Release */ = {
			isa = XCBuildConfiguration;
			buildSettings = {
				ASSETCATALOG_COMPILER_APPICON_NAME = AppIcon;
				INFOPLIST_FILE = Test/Info.plist;
				LD_RUNPATH_SEARCH_PATHS = "$(inherited) @executable_path/Frameworks";
				PRODUCT_NAME = "$(TARGET_NAME)";
			};
			name = Release;
		};
		8BA82CC41B0DDB57007FB66B /* Debug */ = {
			isa = XCBuildConfiguration;
			buildSettings = {
				BUNDLE_LOADER = "$(TEST_HOST)";
				FRAMEWORK_SEARCH_PATHS = (
					"$(SDKROOT)/Developer/Library/Frameworks",
					"$(inherited)",
				);
				GCC_PREPROCESSOR_DEFINITIONS = (
					"DEBUG=1",
					"$(inherited)",
				);
				INFOPLIST_FILE = TestTests/Info.plist;
				LD_RUNPATH_SEARCH_PATHS = "$(inherited) @executable_path/Frameworks @loader_path/Frameworks";
				PRODUCT_NAME = "$(TARGET_NAME)";
				TEST_HOST = "$(BUILT_PRODUCTS_DIR)/Test.app/Test";
			};
			name = Debug;
		};
		8BA82CC51B0DDB57007FB66B /* Release */ = {
			isa = XCBuildConfiguration;
			buildSettings = {
				BUNDLE_LOADER = "$(TEST_HOST)";
				FRAMEWORK_SEARCH_PATHS = (
					"$(SDKROOT)/Developer/Library/Frameworks",
					"$(inherited)",
				);
				INFOPLIST_FILE = TestTests/Info.plist;
				LD_RUNPATH_SEARCH_PATHS = "$(inherited) @executable_path/Frameworks @loader_path/Frameworks";
				PRODUCT_NAME = "$(TARGET_NAME)";
				TEST_HOST = "$(BUILT_PRODUCTS_DIR)/Test.app/Test";
			};
			name = Release;
		};
/* End XCBuildConfiguration section */

/* Begin XCConfigurationList section */
		8BA82C981B0DDB57007FB66B /* Build configuration list for PBXProject "Test" */ = {
			isa = XCConfigurationList;
			buildConfigurations = (
				8BA82CBE1B0DDB57007FB66B /* Debug */,
				8BA82CBF1B0DDB57007FB66B /* Release */,
			);
			defaultConfigurationIsVisible = 0;
			defaultConfigurationName = Release;
		};
		8BA82CC01B0DDB57007FB66B /* Build configuration list for PBXNativeTarget "Test" */ = {
			isa = XCConfigurationList;
			buildConfigurations = (
				8BA82CC11B0DDB57007FB66B /* Debug */,
				8BA82CC21B0DDB57007FB66B /* Release */,
			);
			defaultConfigurationIsVisible = 0;
		};
		8BA82CC31B0DDB57007FB66B /* Build configuration list for PBXNativeTarget "TestTests" */ = {
			isa = XCConfigurationList;
			buildConfigurations = (
				8BA82CC41B0DDB57007FB66B /* Debug */,
				8BA82CC51B0DDB57007FB66B /* Release */,
			);
			defaultConfigurationIsVisible = 0;
		};
/* End XCConfigurationList section */
	};
	rootObject = 8BA82C951B0DDB57007FB66B /* Project object */;
}
